
Microsoft Visual Studio Solution File, Format Version 12.00
# Visual Studio Version 17
VisualStudioVersion = 17.9.34701.34
MinimumVisualStudioVersion = 10.0.40219.1
Project("{9A19103F-16F7-4668-BE54-9A1E7A4F7556}") = "TestVocacional", "TestVocacional\TestVocacional.csproj", "{811DD7E2-46D5-458D-9C8F-0B5E6AB0C231}"
EndProject
Global
	GlobalSection(SolutionConfigurationPlatforms) = preSolution
		Debug|Any CPU = Debug|Any CPU
		Release|Any CPU = Release|Any CPU
	EndGlobalSection
	GlobalSection(ProjectConfigurationPlatforms) = postSolution
		{811DD7E2-46D5-458D-9C8F-0B5E6AB0C231}.Debug|Any CPU.ActiveCfg = Debug|Any CPU
		{811DD7E2-46D5-458D-9C8F-0B5E6AB0C231}.Debug|Any CPU.Build.0 = Debug|Any CPU
		{811DD7E2-46D5-458D-9C8F-0B5E6AB0C231}.Release|Any CPU.ActiveCfg = Release|Any CPU
		{811DD7E2-46D5-458D-9C8F-0B5E6AB0C231}.Release|Any CPU.Build.0 = Release|Any CPU
	EndGlobalSection
	GlobalSection(SolutionProperties) = preSolution
		HideSolutionNode = FALSE
	EndGlobalSection
	GlobalSection(ExtensibilityGlobals) = postSolution
		SolutionGuid = {1AE189B4-B7EC-45C5-8715-715A8F75F65E}
	EndGlobalSection
EndGlobal
